
Microsoft Visual Studio Solution File, Format Version 12.00
# Visual Studio Version 16
VisualStudioVersion = 16.0.30804.86
MinimumVisualStudioVersion = 10.0.40219.1
Project("{9A19103F-16F7-4668-BE54-9A1E7A4F7556}") = "I40Extension", "I40Extension.csproj", "{A9BEAD75-A1E6-4C09-9DED-596FAD843F69}"
EndProject
Project("{9A19103F-16F7-4668-BE54-9A1E7A4F7556}") = "I40test", "..\I40test\I40test.csproj", "{882C7785-9986-4175-A777-C2A28E5CB87A}"
EndProject
Global
	GlobalSection(SolutionConfigurationPlatforms) = preSolution
		Debug|Any CPU = Debug|Any CPU
		Release|Any CPU = Release|Any CPU
	EndGlobalSection
	GlobalSection(ProjectConfigurationPlatforms) = postSolution
		{A9BEAD75-A1E6-4C09-9DED-596FAD843F69}.Debug|Any CPU.ActiveCfg = Debug|Any CPU
		{A9BEAD75-A1E6-4C09-9DED-596FAD843F69}.Debug|Any CPU.Build.0 = Debug|Any CPU
		{A9BEAD75-A1E6-4C09-9DED-596FAD843F69}.Release|Any CPU.ActiveCfg = Release|Any CPU
		{A9BEAD75-A1E6-4C09-9DED-596FAD843F69}.Release|Any CPU.Build.0 = Release|Any CPU
		{882C7785-9986-4175-A777-C2A28E5CB87A}.Debug|Any CPU.ActiveCfg = Debug|Any CPU
		{882C7785-9986-4175-A777-C2A28E5CB87A}.Debug|Any CPU.Build.0 = Debug|Any CPU
		{882C7785-9986-4175-A777-C2A28E5CB87A}.Release|Any CPU.ActiveCfg = Release|Any CPU
		{882C7785-9986-4175-A777-C2A28E5CB87A}.Release|Any CPU.Build.0 = Release|Any CPU
	EndGlobalSection
	GlobalSection(SolutionProperties) = preSolution
		HideSolutionNode = FALSE
	EndGlobalSection
	GlobalSection(ExtensibilityGlobals) = postSolution
		SolutionGuid = {E7F01355-C768-42BE-8593-3B0E92B44FBD}
	EndGlobalSection
EndGlobal
